
Microsoft Visual Studio Solution File, Format Version 12.00
Project("{FAE04EC0-301F-11D3-BF4B-00C04F79EFBC}") = "NearBusCleanArch.API", "NearBusCleanArch.API\NearBusCleanArch.API.csproj", "{6090ED69-EEB2-40B2-99C7-FC885C75986C}"
EndProject
Project("{FAE04EC0-301F-11D3-BF4B-00C04F79EFBC}") = "NearBusCleanArch.Domain.Tests", "NearBusCleanArch.Domain.Tests\NearBusCleanArch.Domain.Tests.csproj", "{2F7FEBD3-7581-415D-9370-82B396F1C3DB}"
EndProject
Project("{FAE04EC0-301F-11D3-BF4B-00C04F79EFBC}") = "NearBusCleanArch.Infra.Ioc", "NearBusCleanArch.Infra.Ioc\NearBusCleanArch.Infra.Ioc.csproj", "{260F9B5A-3168-4F41-880E-E93AD0E22019}"
EndProject
Project("{FAE04EC0-301F-11D3-BF4B-00C04F79EFBC}") = "NearBusCleanArch.Infra.Data", "NearBusCleanArch.Infra.Data\NearBusCleanArch.Infra.Data.csproj", "{A99A867D-608A-41E3-B827-CE01FE51F490}"
EndProject
Project("{FAE04EC0-301F-11D3-BF4B-00C04F79EFBC}") = "NearBusCleanArch.Application", "NearBusCleanArch.Application\NearBusCleanArch.Application.csproj", "{C1286747-5D01-4DCA-A2EA-6E5F4B176DFB}"
EndProject
Project("{FAE04EC0-301F-11D3-BF4B-00C04F79EFBC}") = "NearBusCleanArch.Domain", "NearBusCleanArch.Domain\NearBusCleanArch.Domain.csproj", "{7173B80F-F897-45CA-86CF-AA5E6D0D9815}"
EndProject
Global
	GlobalSection(SolutionConfigurationPlatforms) = preSolution
		Debug|Any CPU = Debug|Any CPU
		Release|Any CPU = Release|Any CPU
	EndGlobalSection
	GlobalSection(ProjectConfigurationPlatforms) = postSolution
		{6090ED69-EEB2-40B2-99C7-FC885C75986C}.Debug|Any CPU.ActiveCfg = Debug|Any CPU
		{6090ED69-EEB2-40B2-99C7-FC885C75986C}.Debug|Any CPU.Build.0 = Debug|Any CPU
		{6090ED69-EEB2-40B2-99C7-FC885C75986C}.Release|Any CPU.ActiveCfg = Release|Any CPU
		{6090ED69-EEB2-40B2-99C7-FC885C75986C}.Release|Any CPU.Build.0 = Release|Any CPU
		{2F7FEBD3-7581-415D-9370-82B396F1C3DB}.Debug|Any CPU.ActiveCfg = Debug|Any CPU
		{2F7FEBD3-7581-415D-9370-82B396F1C3DB}.Debug|Any CPU.Build.0 = Debug|Any CPU
		{2F7FEBD3-7581-415D-9370-82B396F1C3DB}.Release|Any CPU.ActiveCfg = Release|Any CPU
		{2F7FEBD3-7581-415D-9370-82B396F1C3DB}.Release|Any CPU.Build.0 = Release|Any CPU
		{260F9B5A-3168-4F41-880E-E93AD0E22019}.Debug|Any CPU.ActiveCfg = Debug|Any CPU
		{260F9B5A-3168-4F41-880E-E93AD0E22019}.Debug|Any CPU.Build.0 = Debug|Any CPU
		{260F9B5A-3168-4F41-880E-E93AD0E22019}.Release|Any CPU.ActiveCfg = Release|Any CPU
		{260F9B5A-3168-4F41-880E-E93AD0E22019}.Release|Any CPU.Build.0 = Release|Any CPU
		{A99A867D-608A-41E3-B827-CE01FE51F490}.Debug|Any CPU.ActiveCfg = Debug|Any CPU
		{A99A867D-608A-41E3-B827-CE01FE51F490}.Debug|Any CPU.Build.0 = Debug|Any CPU
		{A99A867D-608A-41E3-B827-CE01FE51F490}.Release|Any CPU.ActiveCfg = Release|Any CPU
		{A99A867D-608A-41E3-B827-CE01FE51F490}.Release|Any CPU.Build.0 = Release|Any CPU
		{C1286747-5D01-4DCA-A2EA-6E5F4B176DFB}.Debug|Any CPU.ActiveCfg = Debug|Any CPU
		{C1286747-5D01-4DCA-A2EA-6E5F4B176DFB}.Debug|Any CPU.Build.0 = Debug|Any CPU
		{C1286747-5D01-4DCA-A2EA-6E5F4B176DFB}.Release|Any CPU.ActiveCfg = Release|Any CPU
		{C1286747-5D01-4DCA-A2EA-6E5F4B176DFB}.Release|Any CPU.Build.0 = Release|Any CPU
		{7173B80F-F897-45CA-86CF-AA5E6D0D9815}.Debug|Any CPU.ActiveCfg = Debug|Any CPU
		{7173B80F-F897-45CA-86CF-AA5E6D0D9815}.Debug|Any CPU.Build.0 = Debug|Any CPU
		{7173B80F-F897-45CA-86CF-AA5E6D0D9815}.Release|Any CPU.ActiveCfg = Release|Any CPU
		{7173B80F-F897-45CA-86CF-AA5E6D0D9815}.Release|Any CPU.Build.0 = Release|Any CPU
	EndGlobalSection
EndGlobal
